
Microsoft Visual Studio Solution File, Format Version 12.00
# Visual Studio Version 17
VisualStudioVersion = 17.5.33414.496
MinimumVisualStudioVersion = 10.0.40219.1
Project("{FAE04EC0-301F-11D3-BF4B-00C04F79EFBC}") = "WeChatAuto", "WeChatAuto\WeChatAuto.csproj", "{BE626B32-F575-4F82-ACFF-0C2FC94A08BB}"
EndProject
Global
	GlobalSection(SolutionConfigurationPlatforms) = preSolution
		Debug|Any CPU = Debug|Any CPU
		Release|Any CPU = Release|Any CPU
	EndGlobalSection
	GlobalSection(ProjectConfigurationPlatforms) = postSolution
		{BE626B32-F575-4F82-ACFF-0C2FC94A08BB}.Debug|Any CPU.ActiveCfg = Debug|Any CPU
		{BE626B32-F575-4F82-ACFF-0C2FC94A08BB}.Debug|Any CPU.Build.0 = Debug|Any CPU
		{BE626B32-F575-4F82-ACFF-0C2FC94A08BB}.Release|Any CPU.ActiveCfg = Release|Any CPU
		{BE626B32-F575-4F82-ACFF-0C2FC94A08BB}.Release|Any CPU.Build.0 = Release|Any CPU
	EndGlobalSection
	GlobalSection(SolutionProperties) = preSolution
		HideSolutionNode = FALSE
	EndGlobalSection
	GlobalSection(ExtensibilityGlobals) = postSolution
		SolutionGuid = {EA38BFBD-FACB-415D-A5CF-79E2B994A3B7}
	EndGlobalSection
EndGlobal
